
Microsoft Visual Studio Solution File, Format Version 12.00
# Visual Studio Version 17
VisualStudioVersion = 17.1.32328.378
MinimumVisualStudioVersion = 10.0.40219.1
Project("{FAE04EC0-301F-11D3-BF4B-00C04F79EFBC}") = "Project6", "Project6.csproj", "{658EDC56-9A70-41AC-AD7D-943063351314}"
EndProject
Global
	GlobalSection(SolutionConfigurationPlatforms) = preSolution
		Debug|Any CPU = Debug|Any CPU
		Release|Any CPU = Release|Any CPU
	EndGlobalSection
	GlobalSection(ProjectConfigurationPlatforms) = postSolution
		{658EDC56-9A70-41AC-AD7D-943063351314}.Debug|Any CPU.ActiveCfg = Debug|Any CPU
		{658EDC56-9A70-41AC-AD7D-943063351314}.Debug|Any CPU.Build.0 = Debug|Any CPU
		{658EDC56-9A70-41AC-AD7D-943063351314}.Release|Any CPU.ActiveCfg = Release|Any CPU
		{658EDC56-9A70-41AC-AD7D-943063351314}.Release|Any CPU.Build.0 = Release|Any CPU
	EndGlobalSection
	GlobalSection(SolutionProperties) = preSolution
		HideSolutionNode = FALSE
	EndGlobalSection
	GlobalSection(ExtensibilityGlobals) = postSolution
		SolutionGuid = {F06FCFF4-D99C-4582-9D6B-1D816A750427}
	EndGlobalSection
EndGlobal
