
Microsoft Visual Studio Solution File, Format Version 12.00
# Visual Studio Version 17
VisualStudioVersion = 17.1.32328.378
MinimumVisualStudioVersion = 10.0.40219.1
Project("{FAE04EC0-301F-11D3-BF4B-00C04F79EFBC}") = "Project5.3", "Project5.3.csproj", "{DCC54B2E-A245-4DC3-8588-7F5D04A973E6}"
EndProject
Global
	GlobalSection(SolutionConfigurationPlatforms) = preSolution
		Debug|Any CPU = Debug|Any CPU
		Release|Any CPU = Release|Any CPU
	EndGlobalSection
	GlobalSection(ProjectConfigurationPlatforms) = postSolution
		{DCC54B2E-A245-4DC3-8588-7F5D04A973E6}.Debug|Any CPU.ActiveCfg = Debug|Any CPU
		{DCC54B2E-A245-4DC3-8588-7F5D04A973E6}.Debug|Any CPU.Build.0 = Debug|Any CPU
		{DCC54B2E-A245-4DC3-8588-7F5D04A973E6}.Release|Any CPU.ActiveCfg = Release|Any CPU
		{DCC54B2E-A245-4DC3-8588-7F5D04A973E6}.Release|Any CPU.Build.0 = Release|Any CPU
	EndGlobalSection
	GlobalSection(SolutionProperties) = preSolution
		HideSolutionNode = FALSE
	EndGlobalSection
	GlobalSection(ExtensibilityGlobals) = postSolution
		SolutionGuid = {89DB1C35-DCE7-4874-9147-8BEE19CF737E}
	EndGlobalSection
EndGlobal
