
Microsoft Visual Studio Solution File, Format Version 12.00
# Visual Studio Version 17
VisualStudioVersion = 17.1.32328.378
MinimumVisualStudioVersion = 10.0.40219.1
Project("{FAE04EC0-301F-11D3-BF4B-00C04F79EFBC}") = "Project5", "Project5.csproj", "{CA9E10B2-3870-4D5E-A258-C944A2383ADD}"
EndProject
Global
	GlobalSection(SolutionConfigurationPlatforms) = preSolution
		Debug|Any CPU = Debug|Any CPU
		Release|Any CPU = Release|Any CPU
	EndGlobalSection
	GlobalSection(ProjectConfigurationPlatforms) = postSolution
		{CA9E10B2-3870-4D5E-A258-C944A2383ADD}.Debug|Any CPU.ActiveCfg = Debug|Any CPU
		{CA9E10B2-3870-4D5E-A258-C944A2383ADD}.Debug|Any CPU.Build.0 = Debug|Any CPU
		{CA9E10B2-3870-4D5E-A258-C944A2383ADD}.Release|Any CPU.ActiveCfg = Release|Any CPU
		{CA9E10B2-3870-4D5E-A258-C944A2383ADD}.Release|Any CPU.Build.0 = Release|Any CPU
	EndGlobalSection
	GlobalSection(SolutionProperties) = preSolution
		HideSolutionNode = FALSE
	EndGlobalSection
	GlobalSection(ExtensibilityGlobals) = postSolution
		SolutionGuid = {0C9EBCE8-184A-4784-A4B7-2774B81E1860}
	EndGlobalSection
EndGlobal
