
Microsoft Visual Studio Solution File, Format Version 12.00
# Visual Studio Version 17
VisualStudioVersion = 17.1.32328.378
MinimumVisualStudioVersion = 10.0.40219.1
Project("{FAE04EC0-301F-11D3-BF4B-00C04F79EFBC}") = "Project5.5", "Project5.5.csproj", "{DD59EA2D-52D7-4C75-BF14-4CB7D0C30770}"
EndProject
Global
	GlobalSection(SolutionConfigurationPlatforms) = preSolution
		Debug|Any CPU = Debug|Any CPU
		Release|Any CPU = Release|Any CPU
	EndGlobalSection
	GlobalSection(ProjectConfigurationPlatforms) = postSolution
		{DD59EA2D-52D7-4C75-BF14-4CB7D0C30770}.Debug|Any CPU.ActiveCfg = Debug|Any CPU
		{DD59EA2D-52D7-4C75-BF14-4CB7D0C30770}.Debug|Any CPU.Build.0 = Debug|Any CPU
		{DD59EA2D-52D7-4C75-BF14-4CB7D0C30770}.Release|Any CPU.ActiveCfg = Release|Any CPU
		{DD59EA2D-52D7-4C75-BF14-4CB7D0C30770}.Release|Any CPU.Build.0 = Release|Any CPU
	EndGlobalSection
	GlobalSection(SolutionProperties) = preSolution
		HideSolutionNode = FALSE
	EndGlobalSection
	GlobalSection(ExtensibilityGlobals) = postSolution
		SolutionGuid = {D7F3A23B-A408-4B50-8566-F5CEFFFEF2D1}
	EndGlobalSection
EndGlobal
