
Microsoft Visual Studio Solution File, Format Version 12.00
# Visual Studio Version 17
VisualStudioVersion = 17.1.32328.378
MinimumVisualStudioVersion = 10.0.40219.1
Project("{FAE04EC0-301F-11D3-BF4B-00C04F79EFBC}") = "Project4.4", "Project4.4.csproj", "{E5D84395-88B5-4E53-B1CC-37D8AE870424}"
EndProject
Global
	GlobalSection(SolutionConfigurationPlatforms) = preSolution
		Debug|Any CPU = Debug|Any CPU
		Release|Any CPU = Release|Any CPU
	EndGlobalSection
	GlobalSection(ProjectConfigurationPlatforms) = postSolution
		{E5D84395-88B5-4E53-B1CC-37D8AE870424}.Debug|Any CPU.ActiveCfg = Debug|Any CPU
		{E5D84395-88B5-4E53-B1CC-37D8AE870424}.Debug|Any CPU.Build.0 = Debug|Any CPU
		{E5D84395-88B5-4E53-B1CC-37D8AE870424}.Release|Any CPU.ActiveCfg = Release|Any CPU
		{E5D84395-88B5-4E53-B1CC-37D8AE870424}.Release|Any CPU.Build.0 = Release|Any CPU
	EndGlobalSection
	GlobalSection(SolutionProperties) = preSolution
		HideSolutionNode = FALSE
	EndGlobalSection
	GlobalSection(ExtensibilityGlobals) = postSolution
		SolutionGuid = {5494D475-C516-4556-A22E-ACFD9470A524}
	EndGlobalSection
EndGlobal
